{
  "name": "college-av",
  "lockfileVersion": 3,
  "requires": true,
  "packages": {
    "": {
      "name": "college-av",
      "dependencies": {
        "dotenv": "^16.4.5",
        "serverless-http": "^3.2.0"
      }
    },
    "node_modules/dotenv": {
      "version": "16.6.1",
      "resolved": "https://registry.npmjs.org/dotenv/-/dotenv-16.6.1.tgz",
      "integrity": "sha512-uBq4egWHTcTt33a72vpSG0z3HnPuIl6NqYcTrKEg2azoEyl2hpW0zqlxysq2pK9HlDIHyHyakeYaYnSAwd8bow==",
      "license": "BSD-2-Clause",
      "engines": {
        "node": ">=12"
      },
      "funding": {
        "url": "https://dotenvx.com"
      }
    },
    "node_modules/serverless-http": {
      "version": "3.2.0",
      "resolved": "https://registry.npmjs.org/serverless-http/-/serverless-http-3.2.0.tgz",
      "integrity": "sha512-QvSyZXljRLIGqwcJ4xsKJXwkZnAVkse1OajepxfjkBXV0BMvRS5R546Z4kCBI8IygDzkQY0foNPC/rnipaE9pQ==",
      "license": "MIT",
      "engines": {
        "node": ">=12.0"
      }
    }
  }
}
